
Microsoft Visual Studio Solution File, Format Version 12.00
# Visual Studio Version 16
VisualStudioVersion = 16.0.33927.289
MinimumVisualStudioVersion = 10.0.40219.1
Project("{2150E333-8FDC-42A3-9474-1A3956D46DE8}") = "Task0", "Task0", "{38F530C8-14DC-4F66-A9B6-D713B41064E7}"
EndProject
Project("{FAE04EC0-301F-11D3-BF4B-00C04F79EFBC}") = "Tyuiu.MotorovaDD.Sprint2.Task0.V14", "Tyuiu.MotorovaDD.Sprint2.Task0.V14\Tyuiu.MotorovaDD.Sprint2.Task0.V14.csproj", "{E57F5E70-892B-4742-A393-86F9FE51117E}"
EndProject
Project("{FAE04EC0-301F-11D3-BF4B-00C04F79EFBC}") = "Tyuiu.MotorovaDD.Sprint2.Task0.V14.Test", "Tyuiu.MotorovaDD.Sprint2.Task0.V14.Test\Tyuiu.MotorovaDD.Sprint2.Task0.V14.Test.csproj", "{967B9128-7462-4F5A-8ECF-673D20FD4698}"
EndProject
Project("{FAE04EC0-301F-11D3-BF4B-00C04F79EFBC}") = "Tyuiu.MotorovaDD.Sprint2.Task0.V14.Lib", "Tyuiu.MotorovaDD.Sprint2.Task0.V14.Lib\Tyuiu.MotorovaDD.Sprint2.Task0.V14.Lib.csproj", "{225BBFDE-E969-4E8A-A042-DAF52F978A23}"
EndProject
Project("{2150E333-8FDC-42A3-9474-1A3956D46DE8}") = "Task1", "Task1", "{4687FA71-6E6C-4FD1-A3F0-508187F06A5B}"
EndProject
Project("{FAE04EC0-301F-11D3-BF4B-00C04F79EFBC}") = "Tyuiu.MotorovaDD.Sprint2.Task1.V2", "Tyuiu.MotorovaDD.Sprint2.Task1.V2\Tyuiu.MotorovaDD.Sprint2.Task1.V2.csproj", "{A3952A6A-9D52-42FE-AE20-54F6809639FB}"
EndProject
Project("{FAE04EC0-301F-11D3-BF4B-00C04F79EFBC}") = "Tyuiu.MotorovaDD.Sprint2.Task1.V2.Test", "Tyuiu.MotorovaDD.Sprint2.Task1.V2.Test\Tyuiu.MotorovaDD.Sprint2.Task1.V2.Test.csproj", "{493B9350-ED4C-4DCD-B96D-F28C858DD47A}"
EndProject
Project("{FAE04EC0-301F-11D3-BF4B-00C04F79EFBC}") = "Tyuiu.MotorovaDD.Sprint2.Task1.V2.Lib", "Tyuiu.MotorovaDD.Sprint2.Task1.V2.Lib\Tyuiu.MotorovaDD.Sprint2.Task1.V2.Lib.csproj", "{A6AFFAA5-3CEF-4C6B-8DE0-EA83564105DD}"
EndProject
Global
	GlobalSection(SolutionConfigurationPlatforms) = preSolution
		Debug|Any CPU = Debug|Any CPU
		Release|Any CPU = Release|Any CPU
	EndGlobalSection
	GlobalSection(ProjectConfigurationPlatforms) = postSolution
		{E57F5E70-892B-4742-A393-86F9FE51117E}.Debug|Any CPU.ActiveCfg = Debug|Any CPU
		{E57F5E70-892B-4742-A393-86F9FE51117E}.Debug|Any CPU.Build.0 = Debug|Any CPU
		{E57F5E70-892B-4742-A393-86F9FE51117E}.Release|Any CPU.ActiveCfg = Release|Any CPU
		{E57F5E70-892B-4742-A393-86F9FE51117E}.Release|Any CPU.Build.0 = Release|Any CPU
		{967B9128-7462-4F5A-8ECF-673D20FD4698}.Debug|Any CPU.ActiveCfg = Debug|Any CPU
		{967B9128-7462-4F5A-8ECF-673D20FD4698}.Debug|Any CPU.Build.0 = Debug|Any CPU
		{967B9128-7462-4F5A-8ECF-673D20FD4698}.Release|Any CPU.ActiveCfg = Release|Any CPU
		{967B9128-7462-4F5A-8ECF-673D20FD4698}.Release|Any CPU.Build.0 = Release|Any CPU
		{225BBFDE-E969-4E8A-A042-DAF52F978A23}.Debug|Any CPU.ActiveCfg = Debug|Any CPU
		{225BBFDE-E969-4E8A-A042-DAF52F978A23}.Debug|Any CPU.Build.0 = Debug|Any CPU
		{225BBFDE-E969-4E8A-A042-DAF52F978A23}.Release|Any CPU.ActiveCfg = Release|Any CPU
		{225BBFDE-E969-4E8A-A042-DAF52F978A23}.Release|Any CPU.Build.0 = Release|Any CPU
		{A3952A6A-9D52-42FE-AE20-54F6809639FB}.Debug|Any CPU.ActiveCfg = Debug|Any CPU
		{A3952A6A-9D52-42FE-AE20-54F6809639FB}.Debug|Any CPU.Build.0 = Debug|Any CPU
		{A3952A6A-9D52-42FE-AE20-54F6809639FB}.Release|Any CPU.ActiveCfg = Release|Any CPU
		{A3952A6A-9D52-42FE-AE20-54F6809639FB}.Release|Any CPU.Build.0 = Release|Any CPU
		{493B9350-ED4C-4DCD-B96D-F28C858DD47A}.Debug|Any CPU.ActiveCfg = Debug|Any CPU
		{493B9350-ED4C-4DCD-B96D-F28C858DD47A}.Debug|Any CPU.Build.0 = Debug|Any CPU
		{493B9350-ED4C-4DCD-B96D-F28C858DD47A}.Release|Any CPU.ActiveCfg = Release|Any CPU
		{493B9350-ED4C-4DCD-B96D-F28C858DD47A}.Release|Any CPU.Build.0 = Release|Any CPU
		{A6AFFAA5-3CEF-4C6B-8DE0-EA83564105DD}.Debug|Any CPU.ActiveCfg = Debug|Any CPU
		{A6AFFAA5-3CEF-4C6B-8DE0-EA83564105DD}.Debug|Any CPU.Build.0 = Debug|Any CPU
		{A6AFFAA5-3CEF-4C6B-8DE0-EA83564105DD}.Release|Any CPU.ActiveCfg = Release|Any CPU
		{A6AFFAA5-3CEF-4C6B-8DE0-EA83564105DD}.Release|Any CPU.Build.0 = Release|Any CPU
	EndGlobalSection
	GlobalSection(SolutionProperties) = preSolution
		HideSolutionNode = FALSE
	EndGlobalSection
	GlobalSection(NestedProjects) = preSolution
		{E57F5E70-892B-4742-A393-86F9FE51117E} = {38F530C8-14DC-4F66-A9B6-D713B41064E7}
		{967B9128-7462-4F5A-8ECF-673D20FD4698} = {38F530C8-14DC-4F66-A9B6-D713B41064E7}
		{225BBFDE-E969-4E8A-A042-DAF52F978A23} = {38F530C8-14DC-4F66-A9B6-D713B41064E7}
		{A3952A6A-9D52-42FE-AE20-54F6809639FB} = {4687FA71-6E6C-4FD1-A3F0-508187F06A5B}
		{493B9350-ED4C-4DCD-B96D-F28C858DD47A} = {4687FA71-6E6C-4FD1-A3F0-508187F06A5B}
		{A6AFFAA5-3CEF-4C6B-8DE0-EA83564105DD} = {4687FA71-6E6C-4FD1-A3F0-508187F06A5B}
	EndGlobalSection
	GlobalSection(ExtensibilityGlobals) = postSolution
		SolutionGuid = {BCD3B318-ADB4-4284-978B-EEBDD7D9E4AE}
	EndGlobalSection
EndGlobal
