
Microsoft Visual Studio Solution File, Format Version 12.00
# Visual Studio Version 16
VisualStudioVersion = 16.0.33927.289
MinimumVisualStudioVersion = 10.0.40219.1
Project("{2150E333-8FDC-42A3-9474-1A3956D46DE8}") = "Task0", "Task0", "{38F530C8-14DC-4F66-A9B6-D713B41064E7}"
EndProject
Project("{FAE04EC0-301F-11D3-BF4B-00C04F79EFBC}") = "Tyuiu.MotorovaDD.Sprint2.Task0.V14", "Tyuiu.MotorovaDD.Sprint2.Task0.V14\Tyuiu.MotorovaDD.Sprint2.Task0.V14.csproj", "{E57F5E70-892B-4742-A393-86F9FE51117E}"
EndProject
Project("{FAE04EC0-301F-11D3-BF4B-00C04F79EFBC}") = "Tyuiu.MotorovaDD.Sprint2.Task0.V14.Test", "Tyuiu.MotorovaDD.Sprint2.Task0.V14.Test\Tyuiu.MotorovaDD.Sprint2.Task0.V14.Test.csproj", "{967B9128-7462-4F5A-8ECF-673D20FD4698}"
EndProject
Project("{FAE04EC0-301F-11D3-BF4B-00C04F79EFBC}") = "Tyuiu.MotorovaDD.Sprint2.Task0.V14.Lib", "Tyuiu.MotorovaDD.Sprint2.Task0.V14.Lib\Tyuiu.MotorovaDD.Sprint2.Task0.V14.Lib.csproj", "{225BBFDE-E969-4E8A-A042-DAF52F978A23}"
EndProject
Project("{2150E333-8FDC-42A3-9474-1A3956D46DE8}") = "Task1", "Task1", "{4687FA71-6E6C-4FD1-A3F0-508187F06A5B}"
EndProject
Project("{FAE04EC0-301F-11D3-BF4B-00C04F79EFBC}") = "Tyuiu.MotorovaDD.Sprint2.Task1.V2", "Tyuiu.MotorovaDD.Sprint2.Task1.V2\Tyuiu.MotorovaDD.Sprint2.Task1.V2.csproj", "{A3952A6A-9D52-42FE-AE20-54F6809639FB}"
EndProject
Project("{FAE04EC0-301F-11D3-BF4B-00C04F79EFBC}") = "Tyuiu.MotorovaDD.Sprint2.Task1.V2.Test", "Tyuiu.MotorovaDD.Sprint2.Task1.V2.Test\Tyuiu.MotorovaDD.Sprint2.Task1.V2.Test.csproj", "{493B9350-ED4C-4DCD-B96D-F28C858DD47A}"
EndProject
Project("{FAE04EC0-301F-11D3-BF4B-00C04F79EFBC}") = "Tyuiu.MotorovaDD.Sprint2.Task1.V2.Lib", "Tyuiu.MotorovaDD.Sprint2.Task1.V2.Lib\Tyuiu.MotorovaDD.Sprint2.Task1.V2.Lib.csproj", "{A6AFFAA5-3CEF-4C6B-8DE0-EA83564105DD}"
EndProject
Project("{2150E333-8FDC-42A3-9474-1A3956D46DE8}") = "Task2", "Task2", "{97658300-1745-483E-8D18-431BC67F5A49}"
EndProject
Project("{FAE04EC0-301F-11D3-BF4B-00C04F79EFBC}") = "Tyuiu.MotorovaDD.Sprint2.Task2.V11", "Tyuiu.MotorovaDD.Sprint2.Task2.V11\Tyuiu.MotorovaDD.Sprint2.Task2.V11.csproj", "{26AF65CC-0179-457E-A569-BD4BB15D76AC}"
EndProject
Project("{FAE04EC0-301F-11D3-BF4B-00C04F79EFBC}") = "Tyuiu.MotorovaDD.Sprint2.Task2.V11.Test", "Tyuiu.MotorovaDD.Sprint2.Task2.V11.Test\Tyuiu.MotorovaDD.Sprint2.Task2.V11.Test.csproj", "{21B4E486-39FA-47A4-ACD1-DCC39963EBD0}"
EndProject
Project("{FAE04EC0-301F-11D3-BF4B-00C04F79EFBC}") = "Tyuiu.MotorovaDD.Sprint2.Task2.V11.Lib", "Tyuiu.MotorovaDD.Sprint2.Task2.V11.Lib\Tyuiu.MotorovaDD.Sprint2.Task2.V11.Lib.csproj", "{97A604B7-55E5-4042-B12C-E4478F4C2112}"
EndProject
Project("{2150E333-8FDC-42A3-9474-1A3956D46DE8}") = "Task3", "Task3", "{0A130B5E-86C8-42DB-9F42-6216CA72061C}"
EndProject
Project("{FAE04EC0-301F-11D3-BF4B-00C04F79EFBC}") = "Tyuiu.MotorovaDD.Sprint2.Task3.V18", "Tyuiu.MotorovaDD.Sprint2.Task3.V18\Tyuiu.MotorovaDD.Sprint2.Task3.V18.csproj", "{EA4E9FCE-4CEA-494A-815D-C969B56392C7}"
EndProject
Project("{FAE04EC0-301F-11D3-BF4B-00C04F79EFBC}") = "Tyuiu.MotorovaDD.Sprint2.Task3.V18.Lib", "Tyuiu.MotorovaDD.Sprint2.Task3.V18.Lib\Tyuiu.MotorovaDD.Sprint2.Task3.V18.Lib.csproj", "{F21DBFAE-B555-4BD8-8D1E-F034E0EA985D}"
EndProject
Project("{FAE04EC0-301F-11D3-BF4B-00C04F79EFBC}") = "Tyuiu.MotorovaDD.Sprint2.Task3.V18.Test", "Tyuiu.MotorovaDD.Sprint2.Task3.V18.Test\Tyuiu.MotorovaDD.Sprint2.Task3.V18.Test.csproj", "{11ACD15A-653B-4512-868F-BEEAB5C47227}"
EndProject
Project("{2150E333-8FDC-42A3-9474-1A3956D46DE8}") = "Task4", "Task4", "{F882E1CA-7812-4130-A58F-6BD75FE1F114}"
EndProject
Project("{FAE04EC0-301F-11D3-BF4B-00C04F79EFBC}") = "Tyuiu.MotorovaDD.Sprint2.Task4.V27", "Tyuiu.MotorovaDD.Sprint2.Task4.V27\Tyuiu.MotorovaDD.Sprint2.Task4.V27.csproj", "{04EDBF0B-E75F-4A62-940A-7434201CE905}"
EndProject
Project("{FAE04EC0-301F-11D3-BF4B-00C04F79EFBC}") = "Tyuiu.MotorovaDD.Sprint2.Task4.V27.Test", "Tyuiu.MotorovaDD.Sprint2.Task4.V27.Test\Tyuiu.MotorovaDD.Sprint2.Task4.V27.Test.csproj", "{BB39C566-99F8-49B3-98CF-B90CB4E66E13}"
EndProject
Project("{FAE04EC0-301F-11D3-BF4B-00C04F79EFBC}") = "Tyuiu.MotorovaDD.Sprint2.Task4.V27.Lib", "Tyuiu.MotorovaDD.Sprint2.Task4.V27.Lib\Tyuiu.MotorovaDD.Sprint2.Task4.V27.Lib.csproj", "{78D72042-F19B-4BA7-ADF1-3A24BA0BA568}"
EndProject
Project("{2150E333-8FDC-42A3-9474-1A3956D46DE8}") = "Task5", "Task5", "{F8403BD8-8C00-4D82-9AC9-E3B8D22504D6}"
EndProject
Project("{FAE04EC0-301F-11D3-BF4B-00C04F79EFBC}") = "Tyuiu.MotorovaDD.Sprint2.Task5.V2", "Tyuiu.MotorovaDD.Sprint2.Task5.V2\Tyuiu.MotorovaDD.Sprint2.Task5.V2.csproj", "{480127FF-AC3F-4E64-B114-C503497C7A5F}"
EndProject
Project("{FAE04EC0-301F-11D3-BF4B-00C04F79EFBC}") = "Tyuiu.MotorovaDD.Sprint2.Task5.V2.Lib", "Tyuiu.MotorovaDD.Sprint2.Task5.V2.Lib\Tyuiu.MotorovaDD.Sprint2.Task5.V2.Lib.csproj", "{39648D42-2651-4C4A-AF2E-A6042AC1830D}"
EndProject
Project("{FAE04EC0-301F-11D3-BF4B-00C04F79EFBC}") = "Tyuiu.MotorovaDD.Sprint2.Task5.V2.Test", "Tyuiu.MotorovaDD.Sprint2.Task5.V2.Test\Tyuiu.MotorovaDD.Sprint2.Task5.V2.Test.csproj", "{BEBBF1DA-E626-4684-AC99-487637224ED6}"
EndProject
Project("{2150E333-8FDC-42A3-9474-1A3956D46DE8}") = "Task6", "Task6", "{018FC7D4-C1F7-49FE-A895-D50C4850A583}"
EndProject
Project("{FAE04EC0-301F-11D3-BF4B-00C04F79EFBC}") = "Tyuiu.MotorovaDD.Sprint2.Task6.V5", "Tyuiu.MotorovaDD.Sprint2.Task6.V5\Tyuiu.MotorovaDD.Sprint2.Task6.V5.csproj", "{0EB1B45A-5896-47BA-A095-3755189D6AB8}"
EndProject
Project("{FAE04EC0-301F-11D3-BF4B-00C04F79EFBC}") = "Tyuiu.MotorovaDD.Sprint2.Task6.V5.Test", "Tyuiu.MotorovaDD.Sprint2.Task6.V5.Test\Tyuiu.MotorovaDD.Sprint2.Task6.V5.Test.csproj", "{5B432BF0-F705-4884-9F5C-114A1321AE0C}"
EndProject
Project("{FAE04EC0-301F-11D3-BF4B-00C04F79EFBC}") = "Tyuiu.MotorovaDD.Sprint2.Task6.V5.Lib", "Tyuiu.MotorovaDD.Sprint2.Task6.V5.Lib\Tyuiu.MotorovaDD.Sprint2.Task6.V5.Lib.csproj", "{BD59C5E9-C83D-4596-AD18-F4996437D353}"
EndProject
Project("{2150E333-8FDC-42A3-9474-1A3956D46DE8}") = "Task7", "Task7", "{C418FD78-D4F1-4C92-8A29-6E150EE88F2C}"
EndProject
Project("{FAE04EC0-301F-11D3-BF4B-00C04F79EFBC}") = "Tyuiu.MotorovaDD.Sprint2.Task7.V5", "Tyuiu.MotorovaDD.Sprint2.Task7.V5\Tyuiu.MotorovaDD.Sprint2.Task7.V5.csproj", "{B375F206-AD57-442C-B04A-5FA39C5488E5}"
EndProject
Project("{FAE04EC0-301F-11D3-BF4B-00C04F79EFBC}") = "Tyuiu.MotorovaDD.Sprint2.Task7.V5.Lib", "Tyuiu.MotorovaDD.Sprint2.Task7.V5.Lib\Tyuiu.MotorovaDD.Sprint2.Task7.V5.Lib.csproj", "{E6F9C922-5128-42AC-9CDD-E6E6B46EEFE6}"
EndProject
Project("{FAE04EC0-301F-11D3-BF4B-00C04F79EFBC}") = "Tyuiu.MotorovaDD.Sprint2.Task7.V5.Test", "Tyuiu.MotorovaDD.Sprint2.Task7.V5.Test\Tyuiu.MotorovaDD.Sprint2.Task7.V5.Test.csproj", "{60266B24-1752-4442-ABCC-76B6440CA5D1}"
EndProject
Global
	GlobalSection(SolutionConfigurationPlatforms) = preSolution
		Debug|Any CPU = Debug|Any CPU
		Release|Any CPU = Release|Any CPU
	EndGlobalSection
	GlobalSection(ProjectConfigurationPlatforms) = postSolution
		{E57F5E70-892B-4742-A393-86F9FE51117E}.Debug|Any CPU.ActiveCfg = Debug|Any CPU
		{E57F5E70-892B-4742-A393-86F9FE51117E}.Debug|Any CPU.Build.0 = Debug|Any CPU
		{E57F5E70-892B-4742-A393-86F9FE51117E}.Release|Any CPU.ActiveCfg = Release|Any CPU
		{E57F5E70-892B-4742-A393-86F9FE51117E}.Release|Any CPU.Build.0 = Release|Any CPU
		{967B9128-7462-4F5A-8ECF-673D20FD4698}.Debug|Any CPU.ActiveCfg = Debug|Any CPU
		{967B9128-7462-4F5A-8ECF-673D20FD4698}.Debug|Any CPU.Build.0 = Debug|Any CPU
		{967B9128-7462-4F5A-8ECF-673D20FD4698}.Release|Any CPU.ActiveCfg = Release|Any CPU
		{967B9128-7462-4F5A-8ECF-673D20FD4698}.Release|Any CPU.Build.0 = Release|Any CPU
		{225BBFDE-E969-4E8A-A042-DAF52F978A23}.Debug|Any CPU.ActiveCfg = Debug|Any CPU
		{225BBFDE-E969-4E8A-A042-DAF52F978A23}.Debug|Any CPU.Build.0 = Debug|Any CPU
		{225BBFDE-E969-4E8A-A042-DAF52F978A23}.Release|Any CPU.ActiveCfg = Release|Any CPU
		{225BBFDE-E969-4E8A-A042-DAF52F978A23}.Release|Any CPU.Build.0 = Release|Any CPU
		{A3952A6A-9D52-42FE-AE20-54F6809639FB}.Debug|Any CPU.ActiveCfg = Debug|Any CPU
		{A3952A6A-9D52-42FE-AE20-54F6809639FB}.Debug|Any CPU.Build.0 = Debug|Any CPU
		{A3952A6A-9D52-42FE-AE20-54F6809639FB}.Release|Any CPU.ActiveCfg = Release|Any CPU
		{A3952A6A-9D52-42FE-AE20-54F6809639FB}.Release|Any CPU.Build.0 = Release|Any CPU
		{493B9350-ED4C-4DCD-B96D-F28C858DD47A}.Debug|Any CPU.ActiveCfg = Debug|Any CPU
		{493B9350-ED4C-4DCD-B96D-F28C858DD47A}.Debug|Any CPU.Build.0 = Debug|Any CPU
		{493B9350-ED4C-4DCD-B96D-F28C858DD47A}.Release|Any CPU.ActiveCfg = Release|Any CPU
		{493B9350-ED4C-4DCD-B96D-F28C858DD47A}.Release|Any CPU.Build.0 = Release|Any CPU
		{A6AFFAA5-3CEF-4C6B-8DE0-EA83564105DD}.Debug|Any CPU.ActiveCfg = Debug|Any CPU
		{A6AFFAA5-3CEF-4C6B-8DE0-EA83564105DD}.Debug|Any CPU.Build.0 = Debug|Any CPU
		{A6AFFAA5-3CEF-4C6B-8DE0-EA83564105DD}.Release|Any CPU.ActiveCfg = Release|Any CPU
		{A6AFFAA5-3CEF-4C6B-8DE0-EA83564105DD}.Release|Any CPU.Build.0 = Release|Any CPU
		{26AF65CC-0179-457E-A569-BD4BB15D76AC}.Debug|Any CPU.ActiveCfg = Debug|Any CPU
		{26AF65CC-0179-457E-A569-BD4BB15D76AC}.Debug|Any CPU.Build.0 = Debug|Any CPU
		{26AF65CC-0179-457E-A569-BD4BB15D76AC}.Release|Any CPU.ActiveCfg = Release|Any CPU
		{26AF65CC-0179-457E-A569-BD4BB15D76AC}.Release|Any CPU.Build.0 = Release|Any CPU
		{21B4E486-39FA-47A4-ACD1-DCC39963EBD0}.Debug|Any CPU.ActiveCfg = Debug|Any CPU
		{21B4E486-39FA-47A4-ACD1-DCC39963EBD0}.Debug|Any CPU.Build.0 = Debug|Any CPU
		{21B4E486-39FA-47A4-ACD1-DCC39963EBD0}.Release|Any CPU.ActiveCfg = Release|Any CPU
		{21B4E486-39FA-47A4-ACD1-DCC39963EBD0}.Release|Any CPU.Build.0 = Release|Any CPU
		{97A604B7-55E5-4042-B12C-E4478F4C2112}.Debug|Any CPU.ActiveCfg = Debug|Any CPU
		{97A604B7-55E5-4042-B12C-E4478F4C2112}.Debug|Any CPU.Build.0 = Debug|Any CPU
		{97A604B7-55E5-4042-B12C-E4478F4C2112}.Release|Any CPU.ActiveCfg = Release|Any CPU
		{97A604B7-55E5-4042-B12C-E4478F4C2112}.Release|Any CPU.Build.0 = Release|Any CPU
		{EA4E9FCE-4CEA-494A-815D-C969B56392C7}.Debug|Any CPU.ActiveCfg = Debug|Any CPU
		{EA4E9FCE-4CEA-494A-815D-C969B56392C7}.Debug|Any CPU.Build.0 = Debug|Any CPU
		{EA4E9FCE-4CEA-494A-815D-C969B56392C7}.Release|Any CPU.ActiveCfg = Release|Any CPU
		{EA4E9FCE-4CEA-494A-815D-C969B56392C7}.Release|Any CPU.Build.0 = Release|Any CPU
		{F21DBFAE-B555-4BD8-8D1E-F034E0EA985D}.Debug|Any CPU.ActiveCfg = Debug|Any CPU
		{F21DBFAE-B555-4BD8-8D1E-F034E0EA985D}.Debug|Any CPU.Build.0 = Debug|Any CPU
		{F21DBFAE-B555-4BD8-8D1E-F034E0EA985D}.Release|Any CPU.ActiveCfg = Release|Any CPU
		{F21DBFAE-B555-4BD8-8D1E-F034E0EA985D}.Release|Any CPU.Build.0 = Release|Any CPU
		{11ACD15A-653B-4512-868F-BEEAB5C47227}.Debug|Any CPU.ActiveCfg = Debug|Any CPU
		{11ACD15A-653B-4512-868F-BEEAB5C47227}.Debug|Any CPU.Build.0 = Debug|Any CPU
		{11ACD15A-653B-4512-868F-BEEAB5C47227}.Release|Any CPU.ActiveCfg = Release|Any CPU
		{11ACD15A-653B-4512-868F-BEEAB5C47227}.Release|Any CPU.Build.0 = Release|Any CPU
		{04EDBF0B-E75F-4A62-940A-7434201CE905}.Debug|Any CPU.ActiveCfg = Debug|Any CPU
		{04EDBF0B-E75F-4A62-940A-7434201CE905}.Debug|Any CPU.Build.0 = Debug|Any CPU
		{04EDBF0B-E75F-4A62-940A-7434201CE905}.Release|Any CPU.ActiveCfg = Release|Any CPU
		{04EDBF0B-E75F-4A62-940A-7434201CE905}.Release|Any CPU.Build.0 = Release|Any CPU
		{BB39C566-99F8-49B3-98CF-B90CB4E66E13}.Debug|Any CPU.ActiveCfg = Debug|Any CPU
		{BB39C566-99F8-49B3-98CF-B90CB4E66E13}.Debug|Any CPU.Build.0 = Debug|Any CPU
		{BB39C566-99F8-49B3-98CF-B90CB4E66E13}.Release|Any CPU.ActiveCfg = Release|Any CPU
		{BB39C566-99F8-49B3-98CF-B90CB4E66E13}.Release|Any CPU.Build.0 = Release|Any CPU
		{78D72042-F19B-4BA7-ADF1-3A24BA0BA568}.Debug|Any CPU.ActiveCfg = Debug|Any CPU
		{78D72042-F19B-4BA7-ADF1-3A24BA0BA568}.Debug|Any CPU.Build.0 = Debug|Any CPU
		{78D72042-F19B-4BA7-ADF1-3A24BA0BA568}.Release|Any CPU.ActiveCfg = Release|Any CPU
		{78D72042-F19B-4BA7-ADF1-3A24BA0BA568}.Release|Any CPU.Build.0 = Release|Any CPU
		{480127FF-AC3F-4E64-B114-C503497C7A5F}.Debug|Any CPU.ActiveCfg = Debug|Any CPU
		{480127FF-AC3F-4E64-B114-C503497C7A5F}.Debug|Any CPU.Build.0 = Debug|Any CPU
		{480127FF-AC3F-4E64-B114-C503497C7A5F}.Release|Any CPU.ActiveCfg = Release|Any CPU
		{480127FF-AC3F-4E64-B114-C503497C7A5F}.Release|Any CPU.Build.0 = Release|Any CPU
		{39648D42-2651-4C4A-AF2E-A6042AC1830D}.Debug|Any CPU.ActiveCfg = Debug|Any CPU
		{39648D42-2651-4C4A-AF2E-A6042AC1830D}.Debug|Any CPU.Build.0 = Debug|Any CPU
		{39648D42-2651-4C4A-AF2E-A6042AC1830D}.Release|Any CPU.ActiveCfg = Release|Any CPU
		{39648D42-2651-4C4A-AF2E-A6042AC1830D}.Release|Any CPU.Build.0 = Release|Any CPU
		{BEBBF1DA-E626-4684-AC99-487637224ED6}.Debug|Any CPU.ActiveCfg = Debug|Any CPU
		{BEBBF1DA-E626-4684-AC99-487637224ED6}.Debug|Any CPU.Build.0 = Debug|Any CPU
		{BEBBF1DA-E626-4684-AC99-487637224ED6}.Release|Any CPU.ActiveCfg = Release|Any CPU
		{BEBBF1DA-E626-4684-AC99-487637224ED6}.Release|Any CPU.Build.0 = Release|Any CPU
		{0EB1B45A-5896-47BA-A095-3755189D6AB8}.Debug|Any CPU.ActiveCfg = Debug|Any CPU
		{0EB1B45A-5896-47BA-A095-3755189D6AB8}.Debug|Any CPU.Build.0 = Debug|Any CPU
		{0EB1B45A-5896-47BA-A095-3755189D6AB8}.Release|Any CPU.ActiveCfg = Release|Any CPU
		{0EB1B45A-5896-47BA-A095-3755189D6AB8}.Release|Any CPU.Build.0 = Release|Any CPU
		{5B432BF0-F705-4884-9F5C-114A1321AE0C}.Debug|Any CPU.ActiveCfg = Debug|Any CPU
		{5B432BF0-F705-4884-9F5C-114A1321AE0C}.Debug|Any CPU.Build.0 = Debug|Any CPU
		{5B432BF0-F705-4884-9F5C-114A1321AE0C}.Release|Any CPU.ActiveCfg = Release|Any CPU
		{5B432BF0-F705-4884-9F5C-114A1321AE0C}.Release|Any CPU.Build.0 = Release|Any CPU
		{BD59C5E9-C83D-4596-AD18-F4996437D353}.Debug|Any CPU.ActiveCfg = Debug|Any CPU
		{BD59C5E9-C83D-4596-AD18-F4996437D353}.Debug|Any CPU.Build.0 = Debug|Any CPU
		{BD59C5E9-C83D-4596-AD18-F4996437D353}.Release|Any CPU.ActiveCfg = Release|Any CPU
		{BD59C5E9-C83D-4596-AD18-F4996437D353}.Release|Any CPU.Build.0 = Release|Any CPU
		{B375F206-AD57-442C-B04A-5FA39C5488E5}.Debug|Any CPU.ActiveCfg = Debug|Any CPU
		{B375F206-AD57-442C-B04A-5FA39C5488E5}.Debug|Any CPU.Build.0 = Debug|Any CPU
		{B375F206-AD57-442C-B04A-5FA39C5488E5}.Release|Any CPU.ActiveCfg = Release|Any CPU
		{B375F206-AD57-442C-B04A-5FA39C5488E5}.Release|Any CPU.Build.0 = Release|Any CPU
		{E6F9C922-5128-42AC-9CDD-E6E6B46EEFE6}.Debug|Any CPU.ActiveCfg = Debug|Any CPU
		{E6F9C922-5128-42AC-9CDD-E6E6B46EEFE6}.Debug|Any CPU.Build.0 = Debug|Any CPU
		{E6F9C922-5128-42AC-9CDD-E6E6B46EEFE6}.Release|Any CPU.ActiveCfg = Release|Any CPU
		{E6F9C922-5128-42AC-9CDD-E6E6B46EEFE6}.Release|Any CPU.Build.0 = Release|Any CPU
		{60266B24-1752-4442-ABCC-76B6440CA5D1}.Debug|Any CPU.ActiveCfg = Debug|Any CPU
		{60266B24-1752-4442-ABCC-76B6440CA5D1}.Debug|Any CPU.Build.0 = Debug|Any CPU
		{60266B24-1752-4442-ABCC-76B6440CA5D1}.Release|Any CPU.ActiveCfg = Release|Any CPU
		{60266B24-1752-4442-ABCC-76B6440CA5D1}.Release|Any CPU.Build.0 = Release|Any CPU
	EndGlobalSection
	GlobalSection(SolutionProperties) = preSolution
		HideSolutionNode = FALSE
	EndGlobalSection
	GlobalSection(NestedProjects) = preSolution
		{E57F5E70-892B-4742-A393-86F9FE51117E} = {38F530C8-14DC-4F66-A9B6-D713B41064E7}
		{967B9128-7462-4F5A-8ECF-673D20FD4698} = {38F530C8-14DC-4F66-A9B6-D713B41064E7}
		{225BBFDE-E969-4E8A-A042-DAF52F978A23} = {38F530C8-14DC-4F66-A9B6-D713B41064E7}
		{A3952A6A-9D52-42FE-AE20-54F6809639FB} = {4687FA71-6E6C-4FD1-A3F0-508187F06A5B}
		{493B9350-ED4C-4DCD-B96D-F28C858DD47A} = {4687FA71-6E6C-4FD1-A3F0-508187F06A5B}
		{A6AFFAA5-3CEF-4C6B-8DE0-EA83564105DD} = {4687FA71-6E6C-4FD1-A3F0-508187F06A5B}
		{26AF65CC-0179-457E-A569-BD4BB15D76AC} = {97658300-1745-483E-8D18-431BC67F5A49}
		{21B4E486-39FA-47A4-ACD1-DCC39963EBD0} = {97658300-1745-483E-8D18-431BC67F5A49}
		{97A604B7-55E5-4042-B12C-E4478F4C2112} = {97658300-1745-483E-8D18-431BC67F5A49}
		{EA4E9FCE-4CEA-494A-815D-C969B56392C7} = {0A130B5E-86C8-42DB-9F42-6216CA72061C}
		{F21DBFAE-B555-4BD8-8D1E-F034E0EA985D} = {0A130B5E-86C8-42DB-9F42-6216CA72061C}
		{11ACD15A-653B-4512-868F-BEEAB5C47227} = {0A130B5E-86C8-42DB-9F42-6216CA72061C}
		{04EDBF0B-E75F-4A62-940A-7434201CE905} = {F882E1CA-7812-4130-A58F-6BD75FE1F114}
		{BB39C566-99F8-49B3-98CF-B90CB4E66E13} = {F882E1CA-7812-4130-A58F-6BD75FE1F114}
		{78D72042-F19B-4BA7-ADF1-3A24BA0BA568} = {F882E1CA-7812-4130-A58F-6BD75FE1F114}
		{480127FF-AC3F-4E64-B114-C503497C7A5F} = {F8403BD8-8C00-4D82-9AC9-E3B8D22504D6}
		{39648D42-2651-4C4A-AF2E-A6042AC1830D} = {F8403BD8-8C00-4D82-9AC9-E3B8D22504D6}
		{BEBBF1DA-E626-4684-AC99-487637224ED6} = {F8403BD8-8C00-4D82-9AC9-E3B8D22504D6}
		{0EB1B45A-5896-47BA-A095-3755189D6AB8} = {018FC7D4-C1F7-49FE-A895-D50C4850A583}
		{5B432BF0-F705-4884-9F5C-114A1321AE0C} = {018FC7D4-C1F7-49FE-A895-D50C4850A583}
		{BD59C5E9-C83D-4596-AD18-F4996437D353} = {018FC7D4-C1F7-49FE-A895-D50C4850A583}
		{B375F206-AD57-442C-B04A-5FA39C5488E5} = {C418FD78-D4F1-4C92-8A29-6E150EE88F2C}
		{E6F9C922-5128-42AC-9CDD-E6E6B46EEFE6} = {C418FD78-D4F1-4C92-8A29-6E150EE88F2C}
		{60266B24-1752-4442-ABCC-76B6440CA5D1} = {C418FD78-D4F1-4C92-8A29-6E150EE88F2C}
	EndGlobalSection
	GlobalSection(ExtensibilityGlobals) = postSolution
		SolutionGuid = {BCD3B318-ADB4-4284-978B-EEBDD7D9E4AE}
	EndGlobalSection
EndGlobal
